{
  "name": "@tcelestino/conjugate-cli",
  "version": "1.1.3",
  "lockfileVersion": 1,
  "requires": true,
  "dependencies": {
    "@fabiospampinato/bump": {
      "version": "3.2.2",
      "resolved": "https://registry.npmjs.org/@fabiospampinato/bump/-/bump-3.2.2.tgz",
      "integrity": "sha512-M/Sxd3W54FtC1FC4OpTxfFIboiXmYtoMbHaftXKpR9z52HN84kqD14fc/SzXVYk2hd4MyxIW+v/7i9aJ62KwAg==",
      "dev": true,
      "requires": {
        "find-up-json": "^2.0.2",
        "plain-object-merge": "^2.0.1",
        "prask": "^2.1.0",
        "promise-resolve-timeout": "^2.0.0",
        "specialist": "^1.3.0",
        "tiny-colors": "^2.1.2",
        "tiny-open": "^1.0.0",
        "tiny-readdir": "^2.2.0",
        "tiny-spinner": "^2.0.3",
        "zeptomatch": "^1.1.3"
      }
    },
    "abbrev": {
      "version": "1.1.1",
      "resolved": "https://registry.npmjs.org/abbrev/-/abbrev-1.1.1.tgz",
      "integrity": "sha512-nne9/IiQ/hzIhY6pdDnbBtz7DjPTKrY00P/zvPSm5pOFkl6xuGrGnXn/VtTNNfNtAfZ9/1RtehkszU9qcTii0Q=="
    },
    "ansi-purge": {
      "version": "1.0.0",
      "resolved": "https://registry.npmjs.org/ansi-purge/-/ansi-purge-1.0.0.tgz",
      "integrity": "sha512-kbm4dtp1jcI8ZWhttEPzmga9fwbhGMinIDghOcBng5q9dOsnM6PYV3ih+5TO4D7inGXU9zBmVi7x1Z4dluY85Q==",
      "dev": true
    },
    "ansi-regex": {
      "version": "2.1.1",
      "resolved": "https://registry.npmjs.org/ansi-regex/-/ansi-regex-2.1.1.tgz",
      "integrity": "sha1-w7M6te42DYbg5ijwRorn7yfWVN8="
    },
    "ansi-truncate": {
      "version": "1.1.2",
      "resolved": "https://registry.npmjs.org/ansi-truncate/-/ansi-truncate-1.1.2.tgz",
      "integrity": "sha512-yhyu5Y/rRWku5GJfCCHHKyJsWahCRuy/ORI8wmClls+bUWMVpcVL6nEqmVnZZ9gaaWq+AWB6FCyarrt0ewVUXQ==",
      "dev": true,
      "requires": {
        "fast-string-truncated-width": "^1.1.0"
      }
    },
    "aproba": {
      "version": "1.2.0",
      "resolved": "https://registry.npmjs.org/aproba/-/aproba-1.2.0.tgz",
      "integrity": "sha512-Y9J6ZjXtoYh8RnXVCMOU/ttDmk1aBjunq9vO0ta5x85WDQiQfUF9sIPBITdbiiIVcBo03Hi3jMxigBtsddlXRw=="
    },
    "are-we-there-yet": {
      "version": "1.1.5",
      "resolved": "https://registry.npmjs.org/are-we-there-yet/-/are-we-there-yet-1.1.5.tgz",
      "integrity": "sha512-5hYdAkZlcG8tOLujVDTgCT+uPX0VnpAH28gWsLfzpXYm7wP6mp5Q/gYyR7YQ0cKVJcXJnl3j2kpBan13PtQf6w==",
      "requires": {
        "delegates": "^1.0.0",
        "readable-stream": "^2.0.6"
      }
    },
    "balanced-match": {
      "version": "1.0.0",
      "resolved": "https://registry.npmjs.org/balanced-match/-/balanced-match-1.0.0.tgz",
      "integrity": "sha1-ibTRmasr7kneFk6gK4nORi1xt2c="
    },
    "bindings": {
      "version": "1.3.1",
      "resolved": "https://registry.npmjs.org/bindings/-/bindings-1.3.1.tgz",
      "integrity": "sha512-i47mqjF9UbjxJhxGf+pZ6kSxrnI3wBLlnGI2ArWJ4r0VrvDS7ZYXkprq/pLaBWYq4GM0r4zdHY+NNRqEMU7uew=="
    },
    "brace-expansion": {
      "version": "1.1.11",
      "resolved": "https://registry.npmjs.org/brace-expansion/-/brace-expansion-1.1.11.tgz",
      "integrity": "sha512-iCuPHDFgrHX7H2vEI/5xpz07zSHB00TpugqhmYtVmMO6518mCuRMoOYFldEBl0g187ufozdaHgWKcYFb61qGiA==",
      "requires": {
        "balanced-match": "^1.0.0",
        "concat-map": "0.0.1"
      }
    },
    "chownr": {
      "version": "1.1.4",
      "resolved": "https://registry.npmjs.org/chownr/-/chownr-1.1.4.tgz",
      "integrity": "sha512-jJ0bqzaylmJtVnNgzTeSOs8DPavpbYgEr/b0YL8/2GO3xJEhInFmhKMUnEJQjZumK7KXGFhUy89PrsJWlakBVg=="
    },
    "clear": {
      "version": "0.1.0",
      "resolved": "https://registry.npmjs.org/clear/-/clear-0.1.0.tgz",
      "integrity": "sha512-qMjRnoL+JDPJHeLePZJuao6+8orzHMGP04A8CdwCNsKhRbOnKRjefxONR7bwILT3MHecxKBjHkKL/tkZ8r4Uzw=="
    },
    "cli-table": {
      "version": "0.3.6",
      "resolved": "https://registry.npmjs.org/cli-table/-/cli-table-0.3.6.tgz",
      "integrity": "sha512-ZkNZbnZjKERTY5NwC2SeMeLeifSPq/pubeRoTpdr3WchLlnZg6hEgvHkK5zL7KNFdd9PmHN8lxrENUwI3cE8vQ==",
      "requires": {
        "colors": "1.0.3"
      }
    },
    "code-point-at": {
      "version": "1.1.0",
      "resolved": "https://registry.npmjs.org/code-point-at/-/code-point-at-1.1.0.tgz",
      "integrity": "sha1-DQcLTQQ6W+ozovGkDi7bPZpMz3c="
    },
    "colors": {
      "version": "1.0.3",
      "resolved": "https://registry.npmjs.org/colors/-/colors-1.0.3.tgz",
      "integrity": "sha1-BDP0TYCWgP3rYO0mDxsMJi6CpAs="
    },
    "commander": {
      "version": "2.20.0",
      "resolved": "https://registry.npmjs.org/commander/-/commander-2.20.0.tgz",
      "integrity": "sha512-7j2y+40w61zy6YC2iRNpUe/NwhNyoXrYpHMrSunaMG64nRnaf96zO/KMQR4OyN/UnE5KLyEBnKHd4aG3rskjpQ=="
    },
    "concat-map": {
      "version": "0.0.1",
      "resolved": "https://registry.npmjs.org/concat-map/-/concat-map-0.0.1.tgz",
      "integrity": "sha1-2Klr13/Wjfd5OnMDajug1UBdR3s="
    },
    "console-control-strings": {
      "version": "1.1.0",
      "resolved": "https://registry.npmjs.org/console-control-strings/-/console-control-strings-1.1.0.tgz",
      "integrity": "sha1-PXz0Rk22RG6mRL9LOVB/mFEAjo4="
    },
    "core-util-is": {
      "version": "1.0.2",
      "resolved": "https://registry.npmjs.org/core-util-is/-/core-util-is-1.0.2.tgz",
      "integrity": "sha1-tf1UIgqivFq1eqtxQMlAdUUDwac="
    },
    "css2xpath": {
      "version": "0.0.1",
      "resolved": "https://registry.npmjs.org/css2xpath/-/css2xpath-0.0.1.tgz",
      "integrity": "sha1-8QUC1kkzDWz/toK7IbO7VFVDw2U="
    },
    "debug": {
      "version": "3.2.6",
      "resolved": "https://registry.npmjs.org/debug/-/debug-3.2.6.tgz",
      "integrity": "sha512-mel+jf7nrtEl5Pn1Qx46zARXKDpBbvzezse7p7LqINmdoIk8PYP5SySaxEmYv6TZ0JyEKA1hsCId6DIhgITtWQ==",
      "requires": {
        "ms": "^2.1.1"
      }
    },
    "deep-extend": {
      "version": "0.6.0",
      "resolved": "https://registry.npmjs.org/deep-extend/-/deep-extend-0.6.0.tgz",
      "integrity": "sha512-LOHxIOaPYdHlJRtCQfDIVZtfw/ufM8+rVj649RIHzcm/vGwQRXFt6OPqIFWsm2XEMrNIEtWR64sY1LEKD2vAOA=="
    },
    "delegates": {
      "version": "1.0.0",
      "resolved": "https://registry.npmjs.org/delegates/-/delegates-1.0.0.tgz",
      "integrity": "sha1-hMbhWbgZBP3KWaDvRM2HDTElD5o="
    },
    "detect-libc": {
      "version": "1.0.3",
      "resolved": "https://registry.npmjs.org/detect-libc/-/detect-libc-1.0.3.tgz",
      "integrity": "sha1-+hN8S9aY7fVc1c0CrFWfkaTEups="
    },
    "fast-string-truncated-width": {
      "version": "1.1.0",
      "resolved": "https://registry.npmjs.org/fast-string-truncated-width/-/fast-string-truncated-width-1.1.0.tgz",
      "integrity": "sha512-FfsFREOllHpnSl6cxpLi6wvqd9UebrZPxWlOJCCcWoOJzy02xyjPbafF9tyg2Usnf3GLmRr5Q6s7n+GO+6VB5A==",
      "dev": true
    },
    "fast-string-width": {
      "version": "1.0.5",
      "resolved": "https://registry.npmjs.org/fast-string-width/-/fast-string-width-1.0.5.tgz",
      "integrity": "sha512-rO3M39p2w0AaF81drD42Q+v77cyhUKWixavoTAsORzYtjMIHhZ33KgdsjEaxMBwI0zI0zLUNBL0CYqVMipXp4g==",
      "dev": true,
      "requires": {
        "fast-string-truncated-width": "^1.0.4"
      }
    },
    "find-up-json": {
      "version": "2.0.4",
      "resolved": "https://registry.npmjs.org/find-up-json/-/find-up-json-2.0.4.tgz",
      "integrity": "sha512-ABaCm3V1H5UYRHtClHvFFyxPIAC/bxd43tKwmcSco8/EuM5O7zDL2R7ORaA+rEltwgxoNOIK8LQFwQUfA/2GIw==",
      "dev": true,
      "requires": {
        "find-up-path": "^1.0.0"
      }
    },
    "find-up-path": {
      "version": "1.0.0",
      "resolved": "https://registry.npmjs.org/find-up-path/-/find-up-path-1.0.0.tgz",
      "integrity": "sha512-cjXDXnYfEezIqqbzctBNNqUax/rRCyNo/VTCFId3Hp9FyVL4uk0PvWrs7Xibtl2E4P5HnWnlxxJsbHqK6DsDPw==",
      "dev": true
    },
    "fs-minipass": {
      "version": "1.2.7",
      "resolved": "https://registry.npmjs.org/fs-minipass/-/fs-minipass-1.2.7.tgz",
      "integrity": "sha512-GWSSJGFy4e9GUeCcbIkED+bgAoFyj7XF1mV8rma3QW4NIqX9Kyx79N/PF61H5udOV3aY1IaMLs6pGbH71nlCTA==",
      "requires": {
        "minipass": "^2.6.0"
      }
    },
    "fs.realpath": {
      "version": "1.0.0",
      "resolved": "https://registry.npmjs.org/fs.realpath/-/fs.realpath-1.0.0.tgz",
      "integrity": "sha1-FQStJSMVjKpA20onh8sBQRmU6k8="
    },
    "function-once": {
      "version": "3.0.0",
      "resolved": "https://registry.npmjs.org/function-once/-/function-once-3.0.0.tgz",
      "integrity": "sha512-WEhgu9PE55sHFf+SBg3lI8+CWpsqReLcsp3g12XhwSJJgnodpSpHk6StvpeVcKuHAFCAdttLrslJRFDSdLDf4g==",
      "dev": true
    },
    "gauge": {
      "version": "2.7.4",
      "resolved": "https://registry.npmjs.org/gauge/-/gauge-2.7.4.tgz",
      "integrity": "sha1-LANAXHU4w51+s3sxcCLjJfsBi/c=",
      "requires": {
        "aproba": "^1.0.3",
        "console-control-strings": "^1.0.0",
        "has-unicode": "^2.0.0",
        "object-assign": "^4.1.0",
        "signal-exit": "^3.0.0",
        "string-width": "^1.0.1",
        "strip-ansi": "^3.0.1",
        "wide-align": "^1.1.0"
      }
    },
    "get-current-package": {
      "version": "1.0.0",
      "resolved": "https://registry.npmjs.org/get-current-package/-/get-current-package-1.0.0.tgz",
      "integrity": "sha512-mEZ43mmPMdRz+7vouBd/fhnEMRF0omBzcwwwf2GmbWSeZJGdWHRp9RGLZxW7ZnnZ14jPc3GreHh0s/7u7PZJpQ==",
      "dev": true,
      "requires": {
        "find-up-json": "^2.0.1"
      }
    },
    "glob": {
      "version": "7.1.6",
      "resolved": "https://registry.npmjs.org/glob/-/glob-7.1.6.tgz",
      "integrity": "sha512-LwaxwyZ72Lk7vZINtNNrywX0ZuLyStrdDtabefZKAY5ZGJhVtgdznluResxNmPitE0SAO+O26sWTHeKSI2wMBA==",
      "requires": {
        "fs.realpath": "^1.0.0",
        "inflight": "^1.0.4",
        "inherits": "2",
        "minimatch": "^3.0.4",
        "once": "^1.3.0",
        "path-is-absolute": "^1.0.0"
      }
    },
    "grammex": {
      "version": "3.1.3",
      "resolved": "https://registry.npmjs.org/grammex/-/grammex-3.1.3.tgz",
      "integrity": "sha512-rUZoJJQguOCaAMTuoyxs40OxqSLgVhzCCwDn1mbp2vETWutv/TmgAz7KxMR8Tz4z4cty/zIh88HrOWKqWgeGjg==",
      "dev": true
    },
    "has-unicode": {
      "version": "2.0.1",
      "resolved": "https://registry.npmjs.org/has-unicode/-/has-unicode-2.0.1.tgz",
      "integrity": "sha1-4Ob+aijPUROIVeCG0Wkedx3iqLk="
    },
    "iconv-lite": {
      "version": "0.4.24",
      "resolved": "https://registry.npmjs.org/iconv-lite/-/iconv-lite-0.4.24.tgz",
      "integrity": "sha512-v3MXnZAcvnywkTUEZomIActle7RXXeedOR31wwl7VlyoXO4Qi9arvSenNQWne1TcRwhCL1HwLI21bEqdpj8/rA==",
      "requires": {
        "safer-buffer": ">= 2.1.2 < 3"
      }
    },
    "ignore-walk": {
      "version": "3.0.3",
      "resolved": "https://registry.npmjs.org/ignore-walk/-/ignore-walk-3.0.3.tgz",
      "integrity": "sha512-m7o6xuOaT1aqheYHKf8W6J5pYH85ZI9w077erOzLje3JsB1gkafkAhHHY19dqjulgIZHFm32Cp5uNZgcQqdJKw==",
      "requires": {
        "minimatch": "^3.0.4"
      }
    },
    "inflight": {
      "version": "1.0.6",
      "resolved": "https://registry.npmjs.org/inflight/-/inflight-1.0.6.tgz",
      "integrity": "sha1-Sb1jMdfQLQwJvJEKEHW6gWW1bfk=",
      "requires": {
        "once": "^1.3.0",
        "wrappy": "1"
      }
    },
    "inherits": {
      "version": "2.0.4",
      "resolved": "https://registry.npmjs.org/inherits/-/inherits-2.0.4.tgz",
      "integrity": "sha512-k/vGaX4/Yla3WzyMCvTQOXYeIHvqOKtnqBduzTHpzpQZzAskKMhZ2K+EnBiSM9zGSoIFeMpXKxa4dYeZIQqewQ=="
    },
    "ini": {
      "version": "1.3.8",
      "resolved": "https://registry.npmjs.org/ini/-/ini-1.3.8.tgz",
      "integrity": "sha512-JV/yugV2uzW5iMRSiZAyDtQd+nxtUnjeLt0acNdw98kKLrvuRVyB80tsREOE7yvGVgalhZ6RNXCmEHkUKBKxew=="
    },
    "ionstore": {
      "version": "1.0.0",
      "resolved": "https://registry.npmjs.org/ionstore/-/ionstore-1.0.0.tgz",
      "integrity": "sha512-ikEvmeZFh9u5SkjKbFqJlmmhaQTulB3P7QoSoZ/xL8EDP5uj5QWbPeKcQ8ZJtszBLHRRnhIJJE8P1dhFx/oCMw==",
      "dev": true
    },
    "is-fullwidth-code-point": {
      "version": "1.0.0",
      "resolved": "https://registry.npmjs.org/is-fullwidth-code-point/-/is-fullwidth-code-point-1.0.0.tgz",
      "integrity": "sha1-754xOG8DGn8NZDr4L95QxFfvAMs=",
      "requires": {
        "number-is-nan": "^1.0.0"
      }
    },
    "isarray": {
      "version": "1.0.0",
      "resolved": "https://registry.npmjs.org/isarray/-/isarray-1.0.0.tgz",
      "integrity": "sha1-u5NdSFgsuhaMBoNJV6VKPgcSTxE="
    },
    "libxmljs": {
      "version": "0.19.7",
      "resolved": "https://registry.npmjs.org/libxmljs/-/libxmljs-0.19.7.tgz",
      "integrity": "sha512-lFJyG9T1mVwTzNTw6ZkvIt0O+NsIR+FTE+RcC2QDFGU8YMnQrnyEOGrj6HWSe1AdwQK7s37BOp4NL+pcAqfK2g==",
      "requires": {
        "bindings": "~1.3.0",
        "nan": "~2.14.0",
        "node-pre-gyp": "~0.11.0"
      }
    },
    "libxmljs-dom": {
      "version": "0.0.17",
      "resolved": "https://registry.npmjs.org/libxmljs-dom/-/libxmljs-dom-0.0.17.tgz",
      "integrity": "sha512-4+ySRJ53vvOExM1IQneP+pKiy4r0lFCSm2RhZA1Tur3xqu6DGMoL7+cAFNCI1qyEYP/otq16Ku98U7Izi53PNw==",
      "requires": {
        "css2xpath": "0.0.1",
        "libxmljs": "^0.19.5",
        "needle": ">=0.9.2"
      }
    },
    "minimatch": {
      "version": "3.0.4",
      "resolved": "https://registry.npmjs.org/minimatch/-/minimatch-3.0.4.tgz",
      "integrity": "sha512-yJHVQEhyqPLUTgt9B83PXu6W3rx4MvvHvSUvToogpwoGDOUQ+yDrR0HRot+yOCdCO7u4hX3pWft6kWBBcqh0UA==",
      "requires": {
        "brace-expansion": "^1.1.7"
      }
    },
    "minimist": {
      "version": "1.2.6",
      "resolved": "https://registry.npmjs.org/minimist/-/minimist-1.2.6.tgz",
      "integrity": "sha512-Jsjnk4bw3YJqYzbdyBiNsPWHPfO++UGG749Cxs6peCu5Xg4nrena6OVxOYxrQTqww0Jmwt+Ref8rggumkTLz9Q=="
    },
    "minipass": {
      "version": "2.9.0",
      "resolved": "https://registry.npmjs.org/minipass/-/minipass-2.9.0.tgz",
      "integrity": "sha512-wxfUjg9WebH+CUDX/CdbRlh5SmfZiy/hpkxaRI16Y9W56Pa75sWgd/rvFilSgrauD9NyFymP/+JFV3KwzIsJeg==",
      "requires": {
        "safe-buffer": "^5.1.2",
        "yallist": "^3.0.0"
      }
    },
    "minizlib": {
      "version": "1.3.3",
      "resolved": "https://registry.npmjs.org/minizlib/-/minizlib-1.3.3.tgz",
      "integrity": "sha512-6ZYMOEnmVsdCeTJVE0W9ZD+pVnE8h9Hma/iOwwRDsdQoePpoX56/8B6z3P9VNwppJuBKNRuFDRNRqRWexT9G9Q==",
      "requires": {
        "minipass": "^2.9.0"
      }
    },
    "mkdirp": {
      "version": "0.5.5",
      "resolved": "https://registry.npmjs.org/mkdirp/-/mkdirp-0.5.5.tgz",
      "integrity": "sha512-NKmAlESf6jMGym1++R0Ra7wvhV+wFW63FaSOFPwRahvea0gMUcGUhVeAg/0BC0wiv9ih5NYPB1Wn1UEI1/L+xQ==",
      "requires": {
        "minimist": "^1.2.5"
      }
    },
    "ms": {
      "version": "2.1.2",
      "resolved": "https://registry.npmjs.org/ms/-/ms-2.1.2.tgz",
      "integrity": "sha512-sGkPx+VjMtmA6MX27oA4FBFELFCZZ4S4XqeGOXCv68tT+jb3vk/RyaKWP0PTKyWtmLSM0b+adUTEvbs1PEaH2w=="
    },
    "nan": {
      "version": "2.14.0",
      "resolved": "https://registry.npmjs.org/nan/-/nan-2.14.0.tgz",
      "integrity": "sha512-INOFj37C7k3AfaNTtX8RhsTw7qRy7eLET14cROi9+5HAVbbHuIWUHEauBv5qT4Av2tWasiTY1Jw6puUNqRJXQg=="
    },
    "needle": {
      "version": "1.6.0",
      "resolved": "https://registry.npmjs.org/needle/-/needle-1.6.0.tgz",
      "integrity": "sha1-9SpYWJchIWGOAC+OY4TK2sItYk8=",
      "requires": {
        "debug": "^2.1.2",
        "iconv-lite": "^0.4.4"
      },
      "dependencies": {
        "debug": {
          "version": "2.6.9",
          "resolved": "https://registry.npmjs.org/debug/-/debug-2.6.9.tgz",
          "integrity": "sha512-bC7ElrdJaJnPbAP+1EotYvqZsb3ecl5wi6Bfi6BJTUcNowp6cvspg0jXznRTKDjm/E7AdgFBVeAPVMNcKGsHMA==",
          "requires": {
            "ms": "2.0.0"
          }
        },
        "ms": {
          "version": "2.0.0",
          "resolved": "https://registry.npmjs.org/ms/-/ms-2.0.0.tgz",
          "integrity": "sha1-VgiurfwAvmwpAd9fmGF4jeDVl8g="
        }
      }
    },
    "node-pre-gyp": {
      "version": "0.11.0",
      "resolved": "https://registry.npmjs.org/node-pre-gyp/-/node-pre-gyp-0.11.0.tgz",
      "integrity": "sha512-TwWAOZb0j7e9eGaf9esRx3ZcLaE5tQ2lvYy1pb5IAaG1a2e2Kv5Lms1Y4hpj+ciXJRofIxxlt5haeQ/2ANeE0Q==",
      "requires": {
        "detect-libc": "^1.0.2",
        "mkdirp": "^0.5.1",
        "needle": "^2.2.1",
        "nopt": "^4.0.1",
        "npm-packlist": "^1.1.6",
        "npmlog": "^4.0.2",
        "rc": "^1.2.7",
        "rimraf": "^2.6.1",
        "semver": "^5.3.0",
        "tar": "^4"
      },
      "dependencies": {
        "needle": {
          "version": "2.4.1",
          "resolved": "https://registry.npmjs.org/needle/-/needle-2.4.1.tgz",
          "integrity": "sha512-x/gi6ijr4B7fwl6WYL9FwlCvRQKGlUNvnceho8wxkwXqN8jvVmmmATTmZPRRG7b/yC1eode26C2HO9jl78Du9g==",
          "requires": {
            "debug": "^3.2.6",
            "iconv-lite": "^0.4.4",
            "sax": "^1.2.4"
          }
        }
      }
    },
    "nopt": {
      "version": "4.0.3",
      "resolved": "https://registry.npmjs.org/nopt/-/nopt-4.0.3.tgz",
      "integrity": "sha512-CvaGwVMztSMJLOeXPrez7fyfObdZqNUK1cPAEzLHrTybIua9pMdmmPR5YwtfNftIOMv3DPUhFaxsZMNTQO20Kg==",
      "requires": {
        "abbrev": "1",
        "osenv": "^0.1.4"
      }
    },
    "npm-bundled": {
      "version": "1.1.1",
      "resolved": "https://registry.npmjs.org/npm-bundled/-/npm-bundled-1.1.1.tgz",
      "integrity": "sha512-gqkfgGePhTpAEgUsGEgcq1rqPXA+tv/aVBlgEzfXwA1yiUJF7xtEt3CtVwOjNYQOVknDk0F20w58Fnm3EtG0fA==",
      "requires": {
        "npm-normalize-package-bin": "^1.0.1"
      }
    },
    "npm-normalize-package-bin": {
      "version": "1.0.1",
      "resolved": "https://registry.npmjs.org/npm-normalize-package-bin/-/npm-normalize-package-bin-1.0.1.tgz",
      "integrity": "sha512-EPfafl6JL5/rU+ot6P3gRSCpPDW5VmIzX959Ob1+ySFUuuYHWHekXpwdUZcKP5C+DS4GEtdJluwBjnsNDl+fSA=="
    },
    "npm-packlist": {
      "version": "1.4.8",
      "resolved": "https://registry.npmjs.org/npm-packlist/-/npm-packlist-1.4.8.tgz",
      "integrity": "sha512-5+AZgwru5IevF5ZdnFglB5wNlHG1AOOuw28WhUq8/8emhBmLv6jX5by4WJCh7lW0uSYZYS6DXqIsyZVIXRZU9A==",
      "requires": {
        "ignore-walk": "^3.0.1",
        "npm-bundled": "^1.0.1",
        "npm-normalize-package-bin": "^1.0.1"
      }
    },
    "npmlog": {
      "version": "4.1.2",
      "resolved": "https://registry.npmjs.org/npmlog/-/npmlog-4.1.2.tgz",
      "integrity": "sha512-2uUqazuKlTaSI/dC8AzicUck7+IrEaOnN/e0jd3Xtt1KcGpwx30v50mL7oPyr/h9bL3E4aZccVwpwP+5W9Vjkg==",
      "requires": {
        "are-we-there-yet": "~1.1.2",
        "console-control-strings": "~1.1.0",
        "gauge": "~2.7.3",
        "set-blocking": "~2.0.0"
      }
    },
    "number-is-nan": {
      "version": "1.0.1",
      "resolved": "https://registry.npmjs.org/number-is-nan/-/number-is-nan-1.0.1.tgz",
      "integrity": "sha1-CXtgK1NCKlIsGvuHkDGDNpQaAR0="
    },
    "object-assign": {
      "version": "4.1.1",
      "resolved": "https://registry.npmjs.org/object-assign/-/object-assign-4.1.1.tgz",
      "integrity": "sha1-IQmtx5ZYh8/AXLvUQsrIv7s2CGM="
    },
    "once": {
      "version": "1.4.0",
      "resolved": "https://registry.npmjs.org/once/-/once-1.4.0.tgz",
      "integrity": "sha1-WDsap3WWHUsROsF9nFC6753Xa9E=",
      "requires": {
        "wrappy": "1"
      }
    },
    "os-homedir": {
      "version": "1.0.2",
      "resolved": "https://registry.npmjs.org/os-homedir/-/os-homedir-1.0.2.tgz",
      "integrity": "sha1-/7xJiDNuDoM94MFox+8VISGqf7M="
    },
    "os-tmpdir": {
      "version": "1.0.2",
      "resolved": "https://registry.npmjs.org/os-tmpdir/-/os-tmpdir-1.0.2.tgz",
      "integrity": "sha1-u+Z0BseaqFxc/sdm/lc0VV36EnQ="
    },
    "osenv": {
      "version": "0.1.5",
      "resolved": "https://registry.npmjs.org/osenv/-/osenv-0.1.5.tgz",
      "integrity": "sha512-0CWcCECdMVc2Rw3U5w9ZjqX6ga6ubk1xDVKxtBQPK7wis/0F2r9T6k4ydGYhecl7YUBxBVxhL5oisPsNxAPe2g==",
      "requires": {
        "os-homedir": "^1.0.0",
        "os-tmpdir": "^1.0.0"
      }
    },
    "osmosis": {
      "version": "1.1.10",
      "resolved": "https://registry.npmjs.org/osmosis/-/osmosis-1.1.10.tgz",
      "integrity": "sha512-FHY+rGQvwOJxBMkuVGI4PQi0jRwmd8+BDFgYpQeX4xNQGwNcFkBvzhGWf1t4kekcFyUN7nMY1ExczzZndPbjzw==",
      "requires": {
        "libxmljs-dom": "~0.0.17",
        "needle": "^1.6.0"
      }
    },
    "path-is-absolute": {
      "version": "1.0.1",
      "resolved": "https://registry.npmjs.org/path-is-absolute/-/path-is-absolute-1.0.1.tgz",
      "integrity": "sha1-F0uSaHNVNP+8es5r9TpanhtcX18="
    },
    "plain-object-clone": {
      "version": "2.0.0",
      "resolved": "https://registry.npmjs.org/plain-object-clone/-/plain-object-clone-2.0.0.tgz",
      "integrity": "sha512-66gemNM7aIkdXqB/sQGTYHje1a6FiYYA3hP63b43lzBAqN+lAsCggNcy8M6SU8+ehGZuoQZ9Xrbcm660S4lqwQ==",
      "dev": true
    },
    "plain-object-merge": {
      "version": "2.0.1",
      "resolved": "https://registry.npmjs.org/plain-object-merge/-/plain-object-merge-2.0.1.tgz",
      "integrity": "sha512-9t+C/M6RDZZ3bVD/LThMYF5WvP23n6jFPwLR7EIJjqpK2GZnox4SnhDUAZI0rN6W94uSukivZsxVPRnfi+qeZA==",
      "dev": true,
      "requires": {
        "plain-object-clone": "^2.0.0"
      }
    },
    "prask": {
      "version": "2.2.0",
      "resolved": "https://registry.npmjs.org/prask/-/prask-2.2.0.tgz",
      "integrity": "sha512-vyLvohlRaPboAoHK3k14o9zL9ImRdislDx0goyk300bqKRU7H942U6ib6lkqZefVGE8Y9KLF8+vmfp1YVyzgGQ==",
      "dev": true,
      "requires": {
        "fast-string-width": "^1.0.5",
        "function-once": "^3.0.0",
        "promise-make-naked": "^2.1.1",
        "tiny-colors": "^2.1.0",
        "tiny-cursor": "^2.0.0",
        "tiny-spinner": "^2.0.3"
      }
    },
    "process-nextick-args": {
      "version": "2.0.1",
      "resolved": "https://registry.npmjs.org/process-nextick-args/-/process-nextick-args-2.0.1.tgz",
      "integrity": "sha512-3ouUOpQhtgrbOa17J7+uxOTpITYWaGP7/AhoR3+A+/1e9skrzelGi/dXzEYyvbxubEF6Wn2ypscTKiKJFFn1ag=="
    },
    "promise-make-counter": {
      "version": "1.0.1",
      "resolved": "https://registry.npmjs.org/promise-make-counter/-/promise-make-counter-1.0.1.tgz",
      "integrity": "sha512-R1JGFIgSJDpNV/JXxytAx6K79noEpcBiZXWDa3ic9WEMpBZbUdVVQjlA266SCicJ9CGqd70iGbbzbjRKbGU1Jg==",
      "dev": true,
      "requires": {
        "promise-make-naked": "^3.0.0"
      },
      "dependencies": {
        "promise-make-naked": {
          "version": "3.0.0",
          "resolved": "https://registry.npmjs.org/promise-make-naked/-/promise-make-naked-3.0.0.tgz",
          "integrity": "sha512-h71wwAMB2udFnlPmcxQMqKl6CckNLVKdk/ROtFivE6/VmW+rQKV0DWlGJ6VphRIoq22Tkonvdi3F+jlm5XDlow==",
          "dev": true
        }
      }
    },
    "promise-make-naked": {
      "version": "2.1.2",
      "resolved": "https://registry.npmjs.org/promise-make-naked/-/promise-make-naked-2.1.2.tgz",
      "integrity": "sha512-y7s8ZuHIG56JYspB24be9GFkXA1zXL85Ur9u1DKrW/tvyUoPxWgBjnalK6Nc6l7wHBcAW0c3PO07+XOsWTRuhg==",
      "dev": true
    },
    "promise-resolve-timeout": {
      "version": "2.0.0",
      "resolved": "https://registry.npmjs.org/promise-resolve-timeout/-/promise-resolve-timeout-2.0.0.tgz",
      "integrity": "sha512-UsWSYaktV5pCGBu74RX+gFm8+jAT26t2pj/RI7P8kzLzuHp17oiav3VfCtQkyx5fRg0l9rCsJVvASQD8FV1/ww==",
      "dev": true
    },
    "rc": {
      "version": "1.2.8",
      "resolved": "https://registry.npmjs.org/rc/-/rc-1.2.8.tgz",
      "integrity": "sha512-y3bGgqKj3QBdxLbLkomlohkvsA8gdAiUQlSBJnBhfn+BPxg4bc62d8TcBW15wavDfgexCgccckhcZvywyQYPOw==",
      "requires": {
        "deep-extend": "^0.6.0",
        "ini": "~1.3.0",
        "minimist": "^1.2.0",
        "strip-json-comments": "~2.0.1"
      }
    },
    "readable-stream": {
      "version": "2.3.7",
      "resolved": "https://registry.npmjs.org/readable-stream/-/readable-stream-2.3.7.tgz",
      "integrity": "sha512-Ebho8K4jIbHAxnuxi7o42OrZgF/ZTNcsZj6nRKyUmkhLFq8CHItp/fy6hQZuZmP/n3yZ9VBUbp4zz/mX8hmYPw==",
      "requires": {
        "core-util-is": "~1.0.0",
        "inherits": "~2.0.3",
        "isarray": "~1.0.0",
        "process-nextick-args": "~2.0.0",
        "safe-buffer": "~5.1.1",
        "string_decoder": "~1.1.1",
        "util-deprecate": "~1.0.1"
      }
    },
    "rimraf": {
      "version": "2.7.1",
      "resolved": "https://registry.npmjs.org/rimraf/-/rimraf-2.7.1.tgz",
      "integrity": "sha512-uWjbaKIK3T1OSVptzX7Nl6PvQ3qAGtKEtVRjRuazjfL3Bx5eI409VZSqgND+4UNnmzLVdPj9FqFJNPqBZFve4w==",
      "requires": {
        "glob": "^7.1.3"
      }
    },
    "safe-buffer": {
      "version": "5.1.2",
      "resolved": "https://registry.npmjs.org/safe-buffer/-/safe-buffer-5.1.2.tgz",
      "integrity": "sha512-Gd2UZBJDkXlY7GbJxfsE8/nvKkUEU1G38c1siN6QP6a9PT9MmHB8GnpscSmMJSoF8LOIrt8ud/wPtojys4G6+g=="
    },
    "safer-buffer": {
      "version": "2.1.2",
      "resolved": "https://registry.npmjs.org/safer-buffer/-/safer-buffer-2.1.2.tgz",
      "integrity": "sha512-YZo3K82SD7Riyi0E1EQPojLz7kpepnSQI9IyPbHHg1XXXevb5dJI7tpyN2ADxGcQbHG7vcyRHk0cbwqcQriUtg=="
    },
    "sax": {
      "version": "1.2.4",
      "resolved": "https://registry.npmjs.org/sax/-/sax-1.2.4.tgz",
      "integrity": "sha512-NqVDv9TpANUjFm0N8uM5GxL36UgKi9/atZw+x7YFnQ8ckwFGKrl4xX4yWtrey3UJm5nP1kUbnYgLopqWNSRhWw=="
    },
    "semver": {
      "version": "5.7.2",
      "resolved": "https://registry.npmjs.org/semver/-/semver-5.7.2.tgz",
      "integrity": "sha512-cBznnQ9KjJqU67B52RMC65CMarK2600WFnbkcaiwWq3xy/5haFJlshgnpjovMVJ+Hff49d8GEn0b87C5pDQ10g=="
    },
    "set-blocking": {
      "version": "2.0.0",
      "resolved": "https://registry.npmjs.org/set-blocking/-/set-blocking-2.0.0.tgz",
      "integrity": "sha1-BF+XgtARrppoA93TgrJDkrPYkPc="
    },
    "signal-exit": {
      "version": "3.0.3",
      "resolved": "https://registry.npmjs.org/signal-exit/-/signal-exit-3.0.3.tgz",
      "integrity": "sha512-VUJ49FC8U1OxwZLxIbTTrDvLnf/6TDgxZcK8wxR8zs13xpx7xbG60ndBlhNrFi2EMuFRoeDoJO7wthSLq42EjA=="
    },
    "specialist": {
      "version": "1.4.3",
      "resolved": "https://registry.npmjs.org/specialist/-/specialist-1.4.3.tgz",
      "integrity": "sha512-ztiZ0Bug/psCCsIg3OW6d/GbeWs8z/qaVbnr6bz1MJAhDqh8bIDQobWQ16Fz8foXbBhAjIWanlXe6gLkMM/ClA==",
      "dev": true,
      "requires": {
        "tiny-bin": "^1.10.2",
        "tiny-colors": "^2.2.1",
        "tiny-parse-argv": "^2.8.0",
        "tiny-updater": "^3.5.2"
      }
    },
    "stdin-blocker": {
      "version": "2.0.0",
      "resolved": "https://registry.npmjs.org/stdin-blocker/-/stdin-blocker-2.0.0.tgz",
      "integrity": "sha512-fZ3txWyDSxOll6+ajX9akA5YzchyoEpVNsH8eWNY/ZnzlRoM0eW/zF8bm852KVpYutjNFQFvEF/RdZtlqxIZkQ==",
      "dev": true
    },
    "string-width": {
      "version": "1.0.2",
      "resolved": "https://registry.npmjs.org/string-width/-/string-width-1.0.2.tgz",
      "integrity": "sha1-EYvfW4zcUaKn5w0hHgfisLmxB9M=",
      "requires": {
        "code-point-at": "^1.0.0",
        "is-fullwidth-code-point": "^1.0.0",
        "strip-ansi": "^3.0.0"
      }
    },
    "string_decoder": {
      "version": "1.1.1",
      "resolved": "https://registry.npmjs.org/string_decoder/-/string_decoder-1.1.1.tgz",
      "integrity": "sha512-n/ShnvDi6FHbbVfviro+WojiFzv+s8MPMHBczVePfUpDJLwoLT0ht1l4YwBCbi8pJAveEEdnkHyPyTP/mzRfwg==",
      "requires": {
        "safe-buffer": "~5.1.0"
      }
    },
    "strip-ansi": {
      "version": "3.0.1",
      "resolved": "https://registry.npmjs.org/strip-ansi/-/strip-ansi-3.0.1.tgz",
      "integrity": "sha1-ajhfuIU9lS1f8F0Oiq+UJ43GPc8=",
      "requires": {
        "ansi-regex": "^2.0.0"
      }
    },
    "strip-json-comments": {
      "version": "2.0.1",
      "resolved": "https://registry.npmjs.org/strip-json-comments/-/strip-json-comments-2.0.1.tgz",
      "integrity": "sha1-PFMZQukIwml8DsNEhYwobHygpgo="
    },
    "tar": {
      "version": "4.4.19",
      "resolved": "https://registry.npmjs.org/tar/-/tar-4.4.19.tgz",
      "integrity": "sha512-a20gEsvHnWe0ygBY8JbxoM4w3SJdhc7ZAuxkLqh+nvNQN2IOt0B5lLgM490X5Hl8FF0dl0tOf2ewFYAlIFgzVA==",
      "requires": {
        "chownr": "^1.1.4",
        "fs-minipass": "^1.2.7",
        "minipass": "^2.9.0",
        "minizlib": "^1.3.3",
        "mkdirp": "^0.5.5",
        "safe-buffer": "^5.2.1",
        "yallist": "^3.1.1"
      },
      "dependencies": {
        "safe-buffer": {
          "version": "5.2.1",
          "resolved": "https://registry.npmjs.org/safe-buffer/-/safe-buffer-5.2.1.tgz",
          "integrity": "sha512-rp3So07KcdmmKbGvgaNxQSJr7bGVSVk5S9Eq1F+ppbRo70+YeaDxkw5Dd8NPN+GD6bjnYm2VuPuCXmpuYvmCXQ=="
        }
      }
    },
    "tiny-bin": {
      "version": "1.10.2",
      "resolved": "https://registry.npmjs.org/tiny-bin/-/tiny-bin-1.10.2.tgz",
      "integrity": "sha512-zsxzzGBJowuhDQ/QUTqCYNxBEurjILd3o6m0Wawxzfn64+XYo81hD8dv7u5pWg3fWn5Y1cn5PmltlqIvWzIysQ==",
      "dev": true,
      "requires": {
        "ansi-purge": "^1.0.0",
        "fast-string-width": "^1.0.5",
        "get-current-package": "^1.0.0",
        "tiny-colors": "^2.2.0",
        "tiny-levenshtein": "^1.0.0",
        "tiny-parse-argv": "^2.8.0",
        "tiny-updater": "^3.5.2"
      }
    },
    "tiny-colors": {
      "version": "2.2.1",
      "resolved": "https://registry.npmjs.org/tiny-colors/-/tiny-colors-2.2.1.tgz",
      "integrity": "sha512-TfI6HAOtUH6SEIDF8hlztirPlbGKShLhKmSf8Wne0M8bvVFdleHuVhBZkR3UqJKhKs9oIkJYigv4yRaxHnoATQ==",
      "dev": true
    },
    "tiny-cursor": {
      "version": "2.0.0",
      "resolved": "https://registry.npmjs.org/tiny-cursor/-/tiny-cursor-2.0.0.tgz",
      "integrity": "sha512-6RKgFWBt6I1oYpaNZJvvp5x/jvzYDp+rjAVDam+7cmE0mrtlu8Lmpv81hQuvFuPa8Fuc/sd2shRWbdWTZqSNLg==",
      "dev": true,
      "requires": {
        "when-exit": "^2.0.0"
      }
    },
    "tiny-levenshtein": {
      "version": "1.0.0",
      "resolved": "https://registry.npmjs.org/tiny-levenshtein/-/tiny-levenshtein-1.0.0.tgz",
      "integrity": "sha512-27KxXZhuXCP+xol3k4jMWms8+B6H2qEUlBMTmB5YT3uvFXFNft4Hw/MqurrHkDdC01nx1HIADcE1wR40byJf4Q==",
      "dev": true
    },
    "tiny-open": {
      "version": "1.1.1",
      "resolved": "https://registry.npmjs.org/tiny-open/-/tiny-open-1.1.1.tgz",
      "integrity": "sha512-bEnxlKS6jwmFjfdFXJCujLQ/lmYdNCNAIyx7TQOkRukzbTpI05BNTVNdaFNqpa2JRW9noZKrgu3j+qsPWEO47A==",
      "dev": true
    },
    "tiny-parse-argv": {
      "version": "2.8.0",
      "resolved": "https://registry.npmjs.org/tiny-parse-argv/-/tiny-parse-argv-2.8.0.tgz",
      "integrity": "sha512-bxojtQ3PvG1/l44u872hcqPVyR3hKLV+XsIviQCV5cr4weNjnkHNO+PGaz5y5pTZfmM5eqiArH+NFOChz2S3Qw==",
      "dev": true
    },
    "tiny-readdir": {
      "version": "2.7.3",
      "resolved": "https://registry.npmjs.org/tiny-readdir/-/tiny-readdir-2.7.3.tgz",
      "integrity": "sha512-ae1CPk7/MRhdaSIfjytuCoCjcykCNfSH36MsD2Qq8A27apaVUV0nthOcCEjiBTTloBObq2ffvm0BycUayMWh3A==",
      "dev": true,
      "requires": {
        "promise-make-counter": "^1.0.1"
      }
    },
    "tiny-spinner": {
      "version": "2.0.4",
      "resolved": "https://registry.npmjs.org/tiny-spinner/-/tiny-spinner-2.0.4.tgz",
      "integrity": "sha512-EQVPXe4JaGLj4zNMSssENpmriZ1y0MzKUOqhTO0be1TM9+hfakJ7Fe+f163gTsWPQO1cH3E05dV0l0IBVb0yBA==",
      "dev": true,
      "requires": {
        "stdin-blocker": "^2.0.0",
        "tiny-colors": "^2.1.2",
        "tiny-cursor": "^2.0.0",
        "tiny-truncate": "^1.0.2"
      }
    },
    "tiny-truncate": {
      "version": "1.0.2",
      "resolved": "https://registry.npmjs.org/tiny-truncate/-/tiny-truncate-1.0.2.tgz",
      "integrity": "sha512-XR2fjChcOjuz8Eu56zGwacYTKUHlhuzQ3VpD79yUwvWlLY3gCWorzRfBNXkmbwFjxzfmYZrC00cA4s/ET6mogw==",
      "dev": true,
      "requires": {
        "ansi-truncate": "^1.0.1"
      }
    },
    "tiny-updater": {
      "version": "3.5.2",
      "resolved": "https://registry.npmjs.org/tiny-updater/-/tiny-updater-3.5.2.tgz",
      "integrity": "sha512-5EjK01h0rvgv+Eb0XaiTZJZR+ujdjCDHZ1ZCVCu+1h4+MyOYZ+za8UKuKdNOOOSKhkkC9B08o6ZhF4JnQg7ZLg==",
      "dev": true,
      "requires": {
        "ionstore": "^1.0.0",
        "tiny-colors": "^2.0.2",
        "when-exit": "^2.1.1"
      }
    },
    "util-deprecate": {
      "version": "1.0.2",
      "resolved": "https://registry.npmjs.org/util-deprecate/-/util-deprecate-1.0.2.tgz",
      "integrity": "sha1-RQ1Nyfpw3nMnYvvS1KKJgUGaDM8="
    },
    "when-exit": {
      "version": "2.1.3",
      "resolved": "https://registry.npmjs.org/when-exit/-/when-exit-2.1.3.tgz",
      "integrity": "sha512-uVieSTccFIr/SFQdFWN/fFaQYmV37OKtuaGphMAzi4DmmUlrvRBJW5WSLkHyjNQY/ePJMz3LoiX9R3yy1Su6Hw==",
      "dev": true
    },
    "wide-align": {
      "version": "1.1.3",
      "resolved": "https://registry.npmjs.org/wide-align/-/wide-align-1.1.3.tgz",
      "integrity": "sha512-QGkOQc8XL6Bt5PwnsExKBPuMKBxnGxWWW3fU55Xt4feHozMUhdUMaBCk290qpm/wG5u/RSKzwdAC4i51YigihA==",
      "requires": {
        "string-width": "^1.0.2 || 2"
      }
    },
    "wrappy": {
      "version": "1.0.2",
      "resolved": "https://registry.npmjs.org/wrappy/-/wrappy-1.0.2.tgz",
      "integrity": "sha1-tSQ9jz7BqjXxNkYFvA0QNuMKtp8="
    },
    "yallist": {
      "version": "3.1.1",
      "resolved": "https://registry.npmjs.org/yallist/-/yallist-3.1.1.tgz",
      "integrity": "sha512-a4UGQaWPH59mOXUYnAG2ewncQS4i4F43Tv3JoAM+s2VDAmS9NsK8GpDMLrCHPksFT7h3K6TOoUNn2pb7RoXx4g=="
    },
    "zeptomatch": {
      "version": "1.2.2",
      "resolved": "https://registry.npmjs.org/zeptomatch/-/zeptomatch-1.2.2.tgz",
      "integrity": "sha512-0ETdzEO0hdYmT8aXHHf5aMjpX+FHFE61sG4qKFAoJD2Umt3TWdCmH7ADxn2oUiWTlqBGC+SGr8sYMfr+37J8pQ==",
      "dev": true,
      "requires": {
        "grammex": "^3.1.1"
      }
    }
  }
}
